
Microsoft Visual Studio Solution File, Format Version 12.00
# Visual Studio 15
VisualStudioVersion = 15.0.27703.2035
MinimumVisualStudioVersion = 10.0.40219.1
Project("{FAE04EC0-301F-11D3-BF4B-00C04F79EFBC}") = "WebJobDevOps", "WebJobDevOps\WebJobDevOps.csproj", "{19A59EB7-C657-4B23-A5F8-FC1BCEE3656B}"
EndProject
Global
	GlobalSection(SolutionConfigurationPlatforms) = preSolution
		Debug|Any CPU = Debug|Any CPU
		Release|Any CPU = Release|Any CPU
	EndGlobalSection
	GlobalSection(ProjectConfigurationPlatforms) = postSolution
		{19A59EB7-C657-4B23-A5F8-FC1BCEE3656B}.Debug|Any CPU.ActiveCfg = Debug|Any CPU
		{19A59EB7-C657-4B23-A5F8-FC1BCEE3656B}.Debug|Any CPU.Build.0 = Debug|Any CPU
		{19A59EB7-C657-4B23-A5F8-FC1BCEE3656B}.Release|Any CPU.ActiveCfg = Release|Any CPU
		{19A59EB7-C657-4B23-A5F8-FC1BCEE3656B}.Release|Any CPU.Build.0 = Release|Any CPU
	EndGlobalSection
	GlobalSection(SolutionProperties) = preSolution
		HideSolutionNode = FALSE
	EndGlobalSection
	GlobalSection(ExtensibilityGlobals) = postSolution
		SolutionGuid = {C02AC724-ECBA-425E-BEE8-B1A16BC59038}
	EndGlobalSection
EndGlobal
